
Microsoft Visual Studio Solution File, Format Version 12.00
# Visual Studio Version 16
VisualStudioVersion = 16.0.30413.136
MinimumVisualStudioVersion = 10.0.40219.1
Project("{FAE04EC0-301F-11D3-BF4B-00C04F79EFBC}") = "Arrayer läxa", "tets\Arrayer läxa.csproj", "{F99D0913-14C4-40A5-89C6-474A07C1FDDD}"
EndProject
Global
	GlobalSection(SolutionConfigurationPlatforms) = preSolution
		Debug|Any CPU = Debug|Any CPU
		Release|Any CPU = Release|Any CPU
	EndGlobalSection
	GlobalSection(ProjectConfigurationPlatforms) = postSolution
		{F99D0913-14C4-40A5-89C6-474A07C1FDDD}.Debug|Any CPU.ActiveCfg = Debug|Any CPU
		{F99D0913-14C4-40A5-89C6-474A07C1FDDD}.Debug|Any CPU.Build.0 = Debug|Any CPU
		{F99D0913-14C4-40A5-89C6-474A07C1FDDD}.Release|Any CPU.ActiveCfg = Release|Any CPU
		{F99D0913-14C4-40A5-89C6-474A07C1FDDD}.Release|Any CPU.Build.0 = Release|Any CPU
	EndGlobalSection
	GlobalSection(SolutionProperties) = preSolution
		HideSolutionNode = FALSE
	EndGlobalSection
	GlobalSection(ExtensibilityGlobals) = postSolution
		SolutionGuid = {477D2B24-B5CF-4209-9C80-2489867FCD5F}
	EndGlobalSection
EndGlobal
