
Microsoft Visual Studio Solution File, Format Version 12.00
# Visual Studio Version 16
VisualStudioVersion = 16.0.30413.136
MinimumVisualStudioVersion = 10.0.40219.1
Project("{FAE04EC0-301F-11D3-BF4B-00C04F79EFBC}") = "Array läxa", "Array läxa\Array läxa.csproj", "{9EA069B7-C46C-4A70-BF2C-B14899235B39}"
EndProject
Global
	GlobalSection(SolutionConfigurationPlatforms) = preSolution
		Debug|Any CPU = Debug|Any CPU
		Release|Any CPU = Release|Any CPU
	EndGlobalSection
	GlobalSection(ProjectConfigurationPlatforms) = postSolution
		{9EA069B7-C46C-4A70-BF2C-B14899235B39}.Debug|Any CPU.ActiveCfg = Debug|Any CPU
		{9EA069B7-C46C-4A70-BF2C-B14899235B39}.Debug|Any CPU.Build.0 = Debug|Any CPU
		{9EA069B7-C46C-4A70-BF2C-B14899235B39}.Release|Any CPU.ActiveCfg = Release|Any CPU
		{9EA069B7-C46C-4A70-BF2C-B14899235B39}.Release|Any CPU.Build.0 = Release|Any CPU
	EndGlobalSection
	GlobalSection(SolutionProperties) = preSolution
		HideSolutionNode = FALSE
	EndGlobalSection
	GlobalSection(ExtensibilityGlobals) = postSolution
		SolutionGuid = {DA2668A8-18E7-448A-B839-BF52AAB43FEA}
	EndGlobalSection
EndGlobal
